
Microsoft Visual Studio Solution File, Format Version 11.00
# Visual Studio 2010
Project("{8BC9CEB8-8B4A-11D0-8D11-00A0C91BC942}") = "llab9", "llab9\llab9.vcxproj", "{202A5F0C-1B77-4E8B-87EA-6AD477123BAB}"
EndProject
Global
	GlobalSection(SolutionConfigurationPlatforms) = preSolution
		Debug|Win32 = Debug|Win32
		Release|Win32 = Release|Win32
	EndGlobalSection
	GlobalSection(ProjectConfigurationPlatforms) = postSolution
		{202A5F0C-1B77-4E8B-87EA-6AD477123BAB}.Debug|Win32.ActiveCfg = Debug|Win32
		{202A5F0C-1B77-4E8B-87EA-6AD477123BAB}.Debug|Win32.Build.0 = Debug|Win32
		{202A5F0C-1B77-4E8B-87EA-6AD477123BAB}.Release|Win32.ActiveCfg = Release|Win32
		{202A5F0C-1B77-4E8B-87EA-6AD477123BAB}.Release|Win32.Build.0 = Release|Win32
	EndGlobalSection
	GlobalSection(SolutionProperties) = preSolution
		HideSolutionNode = FALSE
	EndGlobalSection
EndGlobal
